
Microsoft Visual Studio Solution File, Format Version 12.00
# Visual Studio Version 17
VisualStudioVersion = 17.14.36603.0 d17.14
MinimumVisualStudioVersion = 10.0.40219.1
Project("{FAE04EC0-301F-11D3-BF4B-00C04F79EFBC}") = "ksalazarS2T2", "ksalazarS2T2.csproj", "{F9400AF0-91A0-40CE-9327-514A91888B8E}"
EndProject
Global
	GlobalSection(SolutionConfigurationPlatforms) = preSolution
		Debug|Any CPU = Debug|Any CPU
		Release|Any CPU = Release|Any CPU
	EndGlobalSection
	GlobalSection(ProjectConfigurationPlatforms) = postSolution
		{F9400AF0-91A0-40CE-9327-514A91888B8E}.Debug|Any CPU.ActiveCfg = Debug|Any CPU
		{F9400AF0-91A0-40CE-9327-514A91888B8E}.Debug|Any CPU.Build.0 = Debug|Any CPU
		{F9400AF0-91A0-40CE-9327-514A91888B8E}.Release|Any CPU.ActiveCfg = Release|Any CPU
		{F9400AF0-91A0-40CE-9327-514A91888B8E}.Release|Any CPU.Build.0 = Release|Any CPU
	EndGlobalSection
	GlobalSection(SolutionProperties) = preSolution
		HideSolutionNode = FALSE
	EndGlobalSection
	GlobalSection(ExtensibilityGlobals) = postSolution
		SolutionGuid = {A22A5CC5-1D5A-45B6-9A3B-2ECF1B8C2D83}
	EndGlobalSection
EndGlobal
